
Microsoft Visual Studio Solution File, Format Version 12.00
# Visual Studio Version 16
VisualStudioVersion = 16.0.31702.278
MinimumVisualStudioVersion = 10.0.40219.1
Project("{FAE04EC0-301F-11D3-BF4B-00C04F79EFBC}") = "Project1", "Project1\Project1.csproj", "{20A7F3A3-07F7-4E87-916F-3F67A54F416A}"
EndProject
Global
	GlobalSection(SolutionConfigurationPlatforms) = preSolution
		Debug|Any CPU = Debug|Any CPU
		Release|Any CPU = Release|Any CPU
	EndGlobalSection
	GlobalSection(ProjectConfigurationPlatforms) = postSolution
		{20A7F3A3-07F7-4E87-916F-3F67A54F416A}.Debug|Any CPU.ActiveCfg = Debug|Any CPU
		{20A7F3A3-07F7-4E87-916F-3F67A54F416A}.Debug|Any CPU.Build.0 = Debug|Any CPU
		{20A7F3A3-07F7-4E87-916F-3F67A54F416A}.Release|Any CPU.ActiveCfg = Release|Any CPU
		{20A7F3A3-07F7-4E87-916F-3F67A54F416A}.Release|Any CPU.Build.0 = Release|Any CPU
	EndGlobalSection
	GlobalSection(SolutionProperties) = preSolution
		HideSolutionNode = FALSE
	EndGlobalSection
	GlobalSection(ExtensibilityGlobals) = postSolution
		SolutionGuid = {153115D2-2BBA-4E41-A678-DEF280DFC3AF}
	EndGlobalSection
EndGlobal
